
Microsoft Visual Studio Solution File, Format Version 12.00
# Visual Studio Version 17
VisualStudioVersion = 17.11.35303.130
MinimumVisualStudioVersion = 10.0.40219.1
Project("{FAE04EC0-301F-11D3-BF4B-00C04F79EFBC}") = "Server", "Server\Server.csproj", "{0406462D-50EF-4055-8228-0F4C058C7C54}"
EndProject
Project("{FAE04EC0-301F-11D3-BF4B-00C04F79EFBC}") = "Contract", "Contract\Contract.csproj", "{9ECC9C12-DD5A-408D-911B-4386E1D35B6C}"
EndProject
Project("{FAE04EC0-301F-11D3-BF4B-00C04F79EFBC}") = "Client", "Client\Client.csproj", "{DE7D8E48-C2C6-43AD-B8FB-EEA6419DAEBC}"
EndProject
Global
	GlobalSection(SolutionConfigurationPlatforms) = preSolution
		Debug|Any CPU = Debug|Any CPU
		Release|Any CPU = Release|Any CPU
	EndGlobalSection
	GlobalSection(ProjectConfigurationPlatforms) = postSolution
		{0406462D-50EF-4055-8228-0F4C058C7C54}.Debug|Any CPU.ActiveCfg = Debug|Any CPU
		{0406462D-50EF-4055-8228-0F4C058C7C54}.Debug|Any CPU.Build.0 = Debug|Any CPU
		{0406462D-50EF-4055-8228-0F4C058C7C54}.Release|Any CPU.ActiveCfg = Release|Any CPU
		{0406462D-50EF-4055-8228-0F4C058C7C54}.Release|Any CPU.Build.0 = Release|Any CPU
		{9ECC9C12-DD5A-408D-911B-4386E1D35B6C}.Debug|Any CPU.ActiveCfg = Debug|Any CPU
		{9ECC9C12-DD5A-408D-911B-4386E1D35B6C}.Debug|Any CPU.Build.0 = Debug|Any CPU
		{9ECC9C12-DD5A-408D-911B-4386E1D35B6C}.Release|Any CPU.ActiveCfg = Release|Any CPU
		{9ECC9C12-DD5A-408D-911B-4386E1D35B6C}.Release|Any CPU.Build.0 = Release|Any CPU
		{DE7D8E48-C2C6-43AD-B8FB-EEA6419DAEBC}.Debug|Any CPU.ActiveCfg = Debug|Any CPU
		{DE7D8E48-C2C6-43AD-B8FB-EEA6419DAEBC}.Debug|Any CPU.Build.0 = Debug|Any CPU
		{DE7D8E48-C2C6-43AD-B8FB-EEA6419DAEBC}.Release|Any CPU.ActiveCfg = Release|Any CPU
		{DE7D8E48-C2C6-43AD-B8FB-EEA6419DAEBC}.Release|Any CPU.Build.0 = Release|Any CPU
	EndGlobalSection
	GlobalSection(SolutionProperties) = preSolution
		HideSolutionNode = FALSE
	EndGlobalSection
	GlobalSection(ExtensibilityGlobals) = postSolution
		SolutionGuid = {405ECA3A-13D4-427D-A287-E0368F7B8984}
	EndGlobalSection
EndGlobal
