
Microsoft Visual Studio Solution File, Format Version 12.00
# Visual Studio Version 17
VisualStudioVersion = 17.1.31903.286
MinimumVisualStudioVersion = 10.0.40219.1
Project("{FAE04EC0-301F-11D3-BF4B-00C04F79EFBC}") = "Contract", "Contract\Contract.csproj", "{8335C748-29B0-426E-A6C6-DFBB8BC50F8C}"
EndProject
Project("{FAE04EC0-301F-11D3-BF4B-00C04F79EFBC}") = "Client", "Client\Client.csproj", "{9E52742F-0317-4D93-B44F-C93BDAA0C44C}"
EndProject
Project("{FAE04EC0-301F-11D3-BF4B-00C04F79EFBC}") = "Server", "Server\Server.csproj", "{56FB35B0-7D1C-4945-AC36-4B5553406A06}"
EndProject
Global
	GlobalSection(SolutionConfigurationPlatforms) = preSolution
		Debug|Any CPU = Debug|Any CPU
		Release|Any CPU = Release|Any CPU
	EndGlobalSection
	GlobalSection(ProjectConfigurationPlatforms) = postSolution
		{8335C748-29B0-426E-A6C6-DFBB8BC50F8C}.Debug|Any CPU.ActiveCfg = Debug|Any CPU
		{8335C748-29B0-426E-A6C6-DFBB8BC50F8C}.Debug|Any CPU.Build.0 = Debug|Any CPU
		{8335C748-29B0-426E-A6C6-DFBB8BC50F8C}.Release|Any CPU.ActiveCfg = Release|Any CPU
		{8335C748-29B0-426E-A6C6-DFBB8BC50F8C}.Release|Any CPU.Build.0 = Release|Any CPU
		{9E52742F-0317-4D93-B44F-C93BDAA0C44C}.Debug|Any CPU.ActiveCfg = Debug|Any CPU
		{9E52742F-0317-4D93-B44F-C93BDAA0C44C}.Debug|Any CPU.Build.0 = Debug|Any CPU
		{9E52742F-0317-4D93-B44F-C93BDAA0C44C}.Release|Any CPU.ActiveCfg = Release|Any CPU
		{9E52742F-0317-4D93-B44F-C93BDAA0C44C}.Release|Any CPU.Build.0 = Release|Any CPU
		{56FB35B0-7D1C-4945-AC36-4B5553406A06}.Debug|Any CPU.ActiveCfg = Debug|Any CPU
		{56FB35B0-7D1C-4945-AC36-4B5553406A06}.Debug|Any CPU.Build.0 = Debug|Any CPU
		{56FB35B0-7D1C-4945-AC36-4B5553406A06}.Release|Any CPU.ActiveCfg = Release|Any CPU
		{56FB35B0-7D1C-4945-AC36-4B5553406A06}.Release|Any CPU.Build.0 = Release|Any CPU
	EndGlobalSection
	GlobalSection(SolutionProperties) = preSolution
		HideSolutionNode = FALSE
	EndGlobalSection
	GlobalSection(ExtensibilityGlobals) = postSolution
		SolutionGuid = {81360EC3-DF88-4D5E-AFA9-7185DFD9B3CE}
	EndGlobalSection
EndGlobal
