
Microsoft Visual Studio Solution File, Format Version 12.00
# Visual Studio Version 17
VisualStudioVersion = 17.12.35707.178
MinimumVisualStudioVersion = 10.0.40219.1
Project("{9A19103F-16F7-4668-BE54-9A1E7A4F7556}") = "Contract", "Contract\Contract.csproj", "{CAC0507B-B571-4799-99D8-81A97BB07D07}"
EndProject
Project("{FAE04EC0-301F-11D3-BF4B-00C04F79EFBC}") = "Server", "Server\Server.csproj", "{CBABDDF3-71E7-4D18-9CF6-C02F39FB3CA9}"
EndProject
Project("{FAE04EC0-301F-11D3-BF4B-00C04F79EFBC}") = "Client", "Client\Client.csproj", "{F6367CED-431E-4C2D-80A9-7DCD652F174E}"
EndProject
Global
	GlobalSection(SolutionConfigurationPlatforms) = preSolution
		Debug|Any CPU = Debug|Any CPU
		Release|Any CPU = Release|Any CPU
	EndGlobalSection
	GlobalSection(ProjectConfigurationPlatforms) = postSolution
		{CAC0507B-B571-4799-99D8-81A97BB07D07}.Debug|Any CPU.ActiveCfg = Debug|Any CPU
		{CAC0507B-B571-4799-99D8-81A97BB07D07}.Debug|Any CPU.Build.0 = Debug|Any CPU
		{CAC0507B-B571-4799-99D8-81A97BB07D07}.Release|Any CPU.ActiveCfg = Release|Any CPU
		{CAC0507B-B571-4799-99D8-81A97BB07D07}.Release|Any CPU.Build.0 = Release|Any CPU
		{CBABDDF3-71E7-4D18-9CF6-C02F39FB3CA9}.Debug|Any CPU.ActiveCfg = Debug|Any CPU
		{CBABDDF3-71E7-4D18-9CF6-C02F39FB3CA9}.Debug|Any CPU.Build.0 = Debug|Any CPU
		{CBABDDF3-71E7-4D18-9CF6-C02F39FB3CA9}.Release|Any CPU.ActiveCfg = Release|Any CPU
		{CBABDDF3-71E7-4D18-9CF6-C02F39FB3CA9}.Release|Any CPU.Build.0 = Release|Any CPU
		{F6367CED-431E-4C2D-80A9-7DCD652F174E}.Debug|Any CPU.ActiveCfg = Debug|Any CPU
		{F6367CED-431E-4C2D-80A9-7DCD652F174E}.Debug|Any CPU.Build.0 = Debug|Any CPU
		{F6367CED-431E-4C2D-80A9-7DCD652F174E}.Release|Any CPU.ActiveCfg = Release|Any CPU
		{F6367CED-431E-4C2D-80A9-7DCD652F174E}.Release|Any CPU.Build.0 = Release|Any CPU
	EndGlobalSection
	GlobalSection(SolutionProperties) = preSolution
		HideSolutionNode = FALSE
	EndGlobalSection
	GlobalSection(ExtensibilityGlobals) = postSolution
		SolutionGuid = {A6743E43-6F0E-4AC5-BD75-45BE1867CD03}
	EndGlobalSection
EndGlobal
