
Microsoft Visual Studio Solution File, Format Version 12.00
# Visual Studio Version 16
VisualStudioVersion = 16.0.29920.165
MinimumVisualStudioVersion = 10.0.40219.1
Project("{9A19103F-16F7-4668-BE54-9A1E7A4F7556}") = "ServiceModel.Grpc", "ServiceModel.Grpc\ServiceModel.Grpc.csproj", "{EF60D342-FA4F-4E00-AB0A-BAEE5FC27725}"
EndProject
Project("{9A19103F-16F7-4668-BE54-9A1E7A4F7556}") = "ServiceModel.Grpc.AspNetCore", "ServiceModel.Grpc.AspNetCore\ServiceModel.Grpc.AspNetCore.csproj", "{8DDF16B0-7E06-40E7-8BB6-3643D82DE546}"
EndProject
Project("{9A19103F-16F7-4668-BE54-9A1E7A4F7556}") = "ServiceModel.Grpc.AspNetCore.Test", "ServiceModel.Grpc.AspNetCore.Test\ServiceModel.Grpc.AspNetCore.Test.csproj", "{AFB24580-EC74-452D-915A-E1A45E84CC1B}"
EndProject
Project("{9A19103F-16F7-4668-BE54-9A1E7A4F7556}") = "ServiceModel.Grpc.Test", "ServiceModel.Grpc.Test\ServiceModel.Grpc.Test.csproj", "{F2D6A514-2AFD-44B9-85DF-1439A55C78C7}"
EndProject
Project("{FAE04EC0-301F-11D3-BF4B-00C04F79EFBC}") = "ServiceModel.Grpc.TestApi", "ServiceModel.Grpc.TestApi\ServiceModel.Grpc.TestApi.csproj", "{14F92A48-DC42-4684-81B6-F41B6D3AE4BD}"
EndProject
Global
	GlobalSection(SolutionConfigurationPlatforms) = preSolution
		Debug|Any CPU = Debug|Any CPU
		Release|Any CPU = Release|Any CPU
	EndGlobalSection
	GlobalSection(ProjectConfigurationPlatforms) = postSolution
		{EF60D342-FA4F-4E00-AB0A-BAEE5FC27725}.Debug|Any CPU.ActiveCfg = Debug|Any CPU
		{EF60D342-FA4F-4E00-AB0A-BAEE5FC27725}.Debug|Any CPU.Build.0 = Debug|Any CPU
		{EF60D342-FA4F-4E00-AB0A-BAEE5FC27725}.Release|Any CPU.ActiveCfg = Release|Any CPU
		{EF60D342-FA4F-4E00-AB0A-BAEE5FC27725}.Release|Any CPU.Build.0 = Release|Any CPU
		{8DDF16B0-7E06-40E7-8BB6-3643D82DE546}.Debug|Any CPU.ActiveCfg = Debug|Any CPU
		{8DDF16B0-7E06-40E7-8BB6-3643D82DE546}.Debug|Any CPU.Build.0 = Debug|Any CPU
		{8DDF16B0-7E06-40E7-8BB6-3643D82DE546}.Release|Any CPU.ActiveCfg = Release|Any CPU
		{8DDF16B0-7E06-40E7-8BB6-3643D82DE546}.Release|Any CPU.Build.0 = Release|Any CPU
		{AFB24580-EC74-452D-915A-E1A45E84CC1B}.Debug|Any CPU.ActiveCfg = Debug|Any CPU
		{AFB24580-EC74-452D-915A-E1A45E84CC1B}.Debug|Any CPU.Build.0 = Debug|Any CPU
		{AFB24580-EC74-452D-915A-E1A45E84CC1B}.Release|Any CPU.ActiveCfg = Release|Any CPU
		{AFB24580-EC74-452D-915A-E1A45E84CC1B}.Release|Any CPU.Build.0 = Release|Any CPU
		{F2D6A514-2AFD-44B9-85DF-1439A55C78C7}.Debug|Any CPU.ActiveCfg = Debug|Any CPU
		{F2D6A514-2AFD-44B9-85DF-1439A55C78C7}.Debug|Any CPU.Build.0 = Debug|Any CPU
		{F2D6A514-2AFD-44B9-85DF-1439A55C78C7}.Release|Any CPU.ActiveCfg = Release|Any CPU
		{F2D6A514-2AFD-44B9-85DF-1439A55C78C7}.Release|Any CPU.Build.0 = Release|Any CPU
		{14F92A48-DC42-4684-81B6-F41B6D3AE4BD}.Debug|Any CPU.ActiveCfg = Debug|Any CPU
		{14F92A48-DC42-4684-81B6-F41B6D3AE4BD}.Debug|Any CPU.Build.0 = Debug|Any CPU
		{14F92A48-DC42-4684-81B6-F41B6D3AE4BD}.Release|Any CPU.ActiveCfg = Release|Any CPU
		{14F92A48-DC42-4684-81B6-F41B6D3AE4BD}.Release|Any CPU.Build.0 = Release|Any CPU
	EndGlobalSection
	GlobalSection(SolutionProperties) = preSolution
		HideSolutionNode = FALSE
	EndGlobalSection
	GlobalSection(ExtensibilityGlobals) = postSolution
		SolutionGuid = {A48B878D-6D95-484D-9585-1BD5C3A3610B}
	EndGlobalSection
EndGlobal
