
Microsoft Visual Studio Solution File, Format Version 12.00
# Visual Studio Version 17
VisualStudioVersion = 17.12.35707.178
MinimumVisualStudioVersion = 10.0.40219.1
Project("{9A19103F-16F7-4668-BE54-9A1E7A4F7556}") = "Contract", "Contract\Contract.csproj", "{5AB5B96B-5D4A-49DC-802E-3B64B3C51ACA}"
EndProject
Project("{9A19103F-16F7-4668-BE54-9A1E7A4F7556}") = "Client", "Client\Client.csproj", "{93B619D7-78ED-403B-9884-B861BE56BFB8}"
EndProject
Project("{FAE04EC0-301F-11D3-BF4B-00C04F79EFBC}") = "Server.CodeFirst", "Server.CodeFirst\Server.CodeFirst.csproj", "{349D7537-007B-4630-BFCB-C5432A0E3E7A}"
EndProject
Project("{FAE04EC0-301F-11D3-BF4B-00C04F79EFBC}") = "Server.Proto", "Server.Proto\Server.Proto.csproj", "{7439F290-8761-4203-AD96-27CBDD573491}"
EndProject
Global
	GlobalSection(SolutionConfigurationPlatforms) = preSolution
		Debug|Any CPU = Debug|Any CPU
		Release|Any CPU = Release|Any CPU
	EndGlobalSection
	GlobalSection(ProjectConfigurationPlatforms) = postSolution
		{5AB5B96B-5D4A-49DC-802E-3B64B3C51ACA}.Debug|Any CPU.ActiveCfg = Debug|Any CPU
		{5AB5B96B-5D4A-49DC-802E-3B64B3C51ACA}.Debug|Any CPU.Build.0 = Debug|Any CPU
		{5AB5B96B-5D4A-49DC-802E-3B64B3C51ACA}.Release|Any CPU.ActiveCfg = Release|Any CPU
		{5AB5B96B-5D4A-49DC-802E-3B64B3C51ACA}.Release|Any CPU.Build.0 = Release|Any CPU
		{93B619D7-78ED-403B-9884-B861BE56BFB8}.Debug|Any CPU.ActiveCfg = Debug|Any CPU
		{93B619D7-78ED-403B-9884-B861BE56BFB8}.Debug|Any CPU.Build.0 = Debug|Any CPU
		{93B619D7-78ED-403B-9884-B861BE56BFB8}.Release|Any CPU.ActiveCfg = Release|Any CPU
		{93B619D7-78ED-403B-9884-B861BE56BFB8}.Release|Any CPU.Build.0 = Release|Any CPU
		{349D7537-007B-4630-BFCB-C5432A0E3E7A}.Debug|Any CPU.ActiveCfg = Debug|Any CPU
		{349D7537-007B-4630-BFCB-C5432A0E3E7A}.Debug|Any CPU.Build.0 = Debug|Any CPU
		{349D7537-007B-4630-BFCB-C5432A0E3E7A}.Release|Any CPU.ActiveCfg = Release|Any CPU
		{349D7537-007B-4630-BFCB-C5432A0E3E7A}.Release|Any CPU.Build.0 = Release|Any CPU
		{7439F290-8761-4203-AD96-27CBDD573491}.Debug|Any CPU.ActiveCfg = Debug|Any CPU
		{7439F290-8761-4203-AD96-27CBDD573491}.Debug|Any CPU.Build.0 = Debug|Any CPU
		{7439F290-8761-4203-AD96-27CBDD573491}.Release|Any CPU.ActiveCfg = Release|Any CPU
		{7439F290-8761-4203-AD96-27CBDD573491}.Release|Any CPU.Build.0 = Release|Any CPU
	EndGlobalSection
	GlobalSection(SolutionProperties) = preSolution
		HideSolutionNode = FALSE
	EndGlobalSection
	GlobalSection(ExtensibilityGlobals) = postSolution
		SolutionGuid = {0AA8B37A-BBAB-457E-8CD8-32B5E2C98AF9}
	EndGlobalSection
EndGlobal
