
Microsoft Visual Studio Solution File, Format Version 12.00
# Visual Studio Version 16
VisualStudioVersion = 16.0.30002.166
MinimumVisualStudioVersion = 10.0.40219.1
Project("{9A19103F-16F7-4668-BE54-9A1E7A4F7556}") = "Contract", "Contract\Contract.csproj", "{21A7A9EB-076D-4DE4-B2B9-0593D49F396B}"
EndProject
Project("{9A19103F-16F7-4668-BE54-9A1E7A4F7556}") = "Service", "Service\Service.csproj", "{113553F2-C062-4174-890E-C4334AB1064C}"
EndProject
Project("{9A19103F-16F7-4668-BE54-9A1E7A4F7556}") = "Client", "Client\Client.csproj", "{F37A0B0A-C1D6-404C-8730-4A35EDE1D6BF}"
EndProject
Project("{FAE04EC0-301F-11D3-BF4B-00C04F79EFBC}") = "ClientDesignTime", "ClientDesignTime\ClientDesignTime.csproj", "{89553D00-58CF-4C23-A26A-563C76101B2C}"
EndProject
Global
	GlobalSection(SolutionConfigurationPlatforms) = preSolution
		Debug|Any CPU = Debug|Any CPU
		Release|Any CPU = Release|Any CPU
	EndGlobalSection
	GlobalSection(ProjectConfigurationPlatforms) = postSolution
		{21A7A9EB-076D-4DE4-B2B9-0593D49F396B}.Debug|Any CPU.ActiveCfg = Debug|Any CPU
		{21A7A9EB-076D-4DE4-B2B9-0593D49F396B}.Debug|Any CPU.Build.0 = Debug|Any CPU
		{21A7A9EB-076D-4DE4-B2B9-0593D49F396B}.Release|Any CPU.ActiveCfg = Release|Any CPU
		{21A7A9EB-076D-4DE4-B2B9-0593D49F396B}.Release|Any CPU.Build.0 = Release|Any CPU
		{113553F2-C062-4174-890E-C4334AB1064C}.Debug|Any CPU.ActiveCfg = Debug|Any CPU
		{113553F2-C062-4174-890E-C4334AB1064C}.Debug|Any CPU.Build.0 = Debug|Any CPU
		{113553F2-C062-4174-890E-C4334AB1064C}.Release|Any CPU.ActiveCfg = Release|Any CPU
		{113553F2-C062-4174-890E-C4334AB1064C}.Release|Any CPU.Build.0 = Release|Any CPU
		{F37A0B0A-C1D6-404C-8730-4A35EDE1D6BF}.Debug|Any CPU.ActiveCfg = Debug|Any CPU
		{F37A0B0A-C1D6-404C-8730-4A35EDE1D6BF}.Debug|Any CPU.Build.0 = Debug|Any CPU
		{F37A0B0A-C1D6-404C-8730-4A35EDE1D6BF}.Release|Any CPU.ActiveCfg = Release|Any CPU
		{F37A0B0A-C1D6-404C-8730-4A35EDE1D6BF}.Release|Any CPU.Build.0 = Release|Any CPU
		{89553D00-58CF-4C23-A26A-563C76101B2C}.Debug|Any CPU.ActiveCfg = Debug|Any CPU
		{89553D00-58CF-4C23-A26A-563C76101B2C}.Debug|Any CPU.Build.0 = Debug|Any CPU
		{89553D00-58CF-4C23-A26A-563C76101B2C}.Release|Any CPU.ActiveCfg = Release|Any CPU
		{89553D00-58CF-4C23-A26A-563C76101B2C}.Release|Any CPU.Build.0 = Release|Any CPU
	EndGlobalSection
	GlobalSection(SolutionProperties) = preSolution
		HideSolutionNode = FALSE
	EndGlobalSection
	GlobalSection(ExtensibilityGlobals) = postSolution
		SolutionGuid = {0AC87914-33B6-44D4-BC82-0AA489A30083}
	EndGlobalSection
EndGlobal
