
Microsoft Visual Studio Solution File, Format Version 12.00
# Visual Studio Version 16
VisualStudioVersion = 16.0.30011.22
MinimumVisualStudioVersion = 10.0.40219.1
Project("{9A19103F-16F7-4668-BE54-9A1E7A4F7556}") = "Contract", "Contract\Contract.csproj", "{70359FC0-C357-4E28-9297-C635AB96EE5A}"
EndProject
Project("{9A19103F-16F7-4668-BE54-9A1E7A4F7556}") = "Service", "Service\Service.csproj", "{A956940F-4FE8-4FCE-B6B0-44012E888499}"
EndProject
Project("{9A19103F-16F7-4668-BE54-9A1E7A4F7556}") = "WCFServiceHost", "WCFServiceHost\WCFServiceHost.csproj", "{9FFFF196-392D-4078-9161-D12620E10D47}"
EndProject
Project("{9A19103F-16F7-4668-BE54-9A1E7A4F7556}") = "WCFClient", "WCFClient\WCFClient.csproj", "{83A39B97-6D35-41C0-B51D-C94C65C651BC}"
EndProject
Project("{9A19103F-16F7-4668-BE54-9A1E7A4F7556}") = "AspNetServiceHost", "AspNetServiceHost\AspNetServiceHost.csproj", "{1C5AD665-6144-45D8-B49F-4E7D07D80658}"
EndProject
Project("{2150E333-8FDC-42A3-9474-1A3956D46DE8}") = "WCF", "WCF", "{5156D671-67A9-4283-926A-1BA75C582AED}"
EndProject
Project("{2150E333-8FDC-42A3-9474-1A3956D46DE8}") = "gRPC", "gRPC", "{72008222-9A6C-496C-BFD6-69D529FA6378}"
EndProject
Project("{9A19103F-16F7-4668-BE54-9A1E7A4F7556}") = "gRPCClient", "gRPCClient\gRPCClient.csproj", "{4A19442C-F339-4996-9791-E079E8446418}"
EndProject
Project("{9A19103F-16F7-4668-BE54-9A1E7A4F7556}") = "NativeServiceHost", "NativeServiceHost\NativeServiceHost.csproj", "{BA6389E0-5D6C-4378-A884-CB9EFDCF4E3C}"
EndProject
Project("{FAE04EC0-301F-11D3-BF4B-00C04F79EFBC}") = "gRPCClientDesignTime", "gRPCClientDesignTime\gRPCClientDesignTime.csproj", "{C17F5888-8C70-40CF-BCCD-C20268E358FB}"
EndProject
Global
	GlobalSection(SolutionConfigurationPlatforms) = preSolution
		Debug|Any CPU = Debug|Any CPU
		Release|Any CPU = Release|Any CPU
	EndGlobalSection
	GlobalSection(ProjectConfigurationPlatforms) = postSolution
		{70359FC0-C357-4E28-9297-C635AB96EE5A}.Debug|Any CPU.ActiveCfg = Debug|Any CPU
		{70359FC0-C357-4E28-9297-C635AB96EE5A}.Debug|Any CPU.Build.0 = Debug|Any CPU
		{70359FC0-C357-4E28-9297-C635AB96EE5A}.Release|Any CPU.ActiveCfg = Release|Any CPU
		{70359FC0-C357-4E28-9297-C635AB96EE5A}.Release|Any CPU.Build.0 = Release|Any CPU
		{A956940F-4FE8-4FCE-B6B0-44012E888499}.Debug|Any CPU.ActiveCfg = Debug|Any CPU
		{A956940F-4FE8-4FCE-B6B0-44012E888499}.Debug|Any CPU.Build.0 = Debug|Any CPU
		{A956940F-4FE8-4FCE-B6B0-44012E888499}.Release|Any CPU.ActiveCfg = Release|Any CPU
		{A956940F-4FE8-4FCE-B6B0-44012E888499}.Release|Any CPU.Build.0 = Release|Any CPU
		{9FFFF196-392D-4078-9161-D12620E10D47}.Debug|Any CPU.ActiveCfg = Debug|Any CPU
		{9FFFF196-392D-4078-9161-D12620E10D47}.Debug|Any CPU.Build.0 = Debug|Any CPU
		{9FFFF196-392D-4078-9161-D12620E10D47}.Release|Any CPU.ActiveCfg = Release|Any CPU
		{9FFFF196-392D-4078-9161-D12620E10D47}.Release|Any CPU.Build.0 = Release|Any CPU
		{83A39B97-6D35-41C0-B51D-C94C65C651BC}.Debug|Any CPU.ActiveCfg = Debug|Any CPU
		{83A39B97-6D35-41C0-B51D-C94C65C651BC}.Debug|Any CPU.Build.0 = Debug|Any CPU
		{83A39B97-6D35-41C0-B51D-C94C65C651BC}.Release|Any CPU.ActiveCfg = Release|Any CPU
		{83A39B97-6D35-41C0-B51D-C94C65C651BC}.Release|Any CPU.Build.0 = Release|Any CPU
		{1C5AD665-6144-45D8-B49F-4E7D07D80658}.Debug|Any CPU.ActiveCfg = Debug|Any CPU
		{1C5AD665-6144-45D8-B49F-4E7D07D80658}.Debug|Any CPU.Build.0 = Debug|Any CPU
		{1C5AD665-6144-45D8-B49F-4E7D07D80658}.Release|Any CPU.ActiveCfg = Release|Any CPU
		{1C5AD665-6144-45D8-B49F-4E7D07D80658}.Release|Any CPU.Build.0 = Release|Any CPU
		{4A19442C-F339-4996-9791-E079E8446418}.Debug|Any CPU.ActiveCfg = Debug|Any CPU
		{4A19442C-F339-4996-9791-E079E8446418}.Debug|Any CPU.Build.0 = Debug|Any CPU
		{4A19442C-F339-4996-9791-E079E8446418}.Release|Any CPU.ActiveCfg = Release|Any CPU
		{4A19442C-F339-4996-9791-E079E8446418}.Release|Any CPU.Build.0 = Release|Any CPU
		{BA6389E0-5D6C-4378-A884-CB9EFDCF4E3C}.Debug|Any CPU.ActiveCfg = Debug|Any CPU
		{BA6389E0-5D6C-4378-A884-CB9EFDCF4E3C}.Debug|Any CPU.Build.0 = Debug|Any CPU
		{BA6389E0-5D6C-4378-A884-CB9EFDCF4E3C}.Release|Any CPU.ActiveCfg = Release|Any CPU
		{BA6389E0-5D6C-4378-A884-CB9EFDCF4E3C}.Release|Any CPU.Build.0 = Release|Any CPU
		{C17F5888-8C70-40CF-BCCD-C20268E358FB}.Debug|Any CPU.ActiveCfg = Debug|Any CPU
		{C17F5888-8C70-40CF-BCCD-C20268E358FB}.Debug|Any CPU.Build.0 = Debug|Any CPU
		{C17F5888-8C70-40CF-BCCD-C20268E358FB}.Release|Any CPU.ActiveCfg = Release|Any CPU
		{C17F5888-8C70-40CF-BCCD-C20268E358FB}.Release|Any CPU.Build.0 = Release|Any CPU
	EndGlobalSection
	GlobalSection(SolutionProperties) = preSolution
		HideSolutionNode = FALSE
	EndGlobalSection
	GlobalSection(NestedProjects) = preSolution
		{9FFFF196-392D-4078-9161-D12620E10D47} = {5156D671-67A9-4283-926A-1BA75C582AED}
		{83A39B97-6D35-41C0-B51D-C94C65C651BC} = {5156D671-67A9-4283-926A-1BA75C582AED}
		{1C5AD665-6144-45D8-B49F-4E7D07D80658} = {72008222-9A6C-496C-BFD6-69D529FA6378}
		{4A19442C-F339-4996-9791-E079E8446418} = {72008222-9A6C-496C-BFD6-69D529FA6378}
		{BA6389E0-5D6C-4378-A884-CB9EFDCF4E3C} = {72008222-9A6C-496C-BFD6-69D529FA6378}
		{C17F5888-8C70-40CF-BCCD-C20268E358FB} = {72008222-9A6C-496C-BFD6-69D529FA6378}
	EndGlobalSection
	GlobalSection(ExtensibilityGlobals) = postSolution
		SolutionGuid = {2721C288-0273-4A29-945C-D54BF63D485C}
	EndGlobalSection
EndGlobal
