
Microsoft Visual Studio Solution File, Format Version 12.00
# Visual Studio Version 17
VisualStudioVersion = 17.12.35707.178 d17.12
MinimumVisualStudioVersion = 10.0.40219.1
Project("{9A19103F-16F7-4668-BE54-9A1E7A4F7556}") = "Contract", "Contract\Contract.csproj", "{70359FC0-C357-4E28-9297-C635AB96EE5A}"
EndProject
Project("{9A19103F-16F7-4668-BE54-9A1E7A4F7556}") = "Service", "Service\Service.csproj", "{A956940F-4FE8-4FCE-B6B0-44012E888499}"
EndProject
Project("{2150E333-8FDC-42A3-9474-1A3956D46DE8}") = "Wcf", "Wcf", "{5156D671-67A9-4283-926A-1BA75C582AED}"
EndProject
Project("{2150E333-8FDC-42A3-9474-1A3956D46DE8}") = "Grpc", "Grpc", "{72008222-9A6C-496C-BFD6-69D529FA6378}"
EndProject
Project("{FAE04EC0-301F-11D3-BF4B-00C04F79EFBC}") = "GrpcServer", "GrpcServer\GrpcServer.csproj", "{F29188D8-4169-47B5-86D6-FC6FB1181412}"
EndProject
Project("{FAE04EC0-301F-11D3-BF4B-00C04F79EFBC}") = "GrpcClient", "GrpcClient\GrpcClient.csproj", "{DA3C1C11-12B6-4E47-AAB3-5DFA5F005986}"
EndProject
Project("{FAE04EC0-301F-11D3-BF4B-00C04F79EFBC}") = "WcfClient", "WcfClient\WcfClient.csproj", "{273B4EED-C8AA-48BD-A8B4-81E998AEDE23}"
EndProject
Project("{FAE04EC0-301F-11D3-BF4B-00C04F79EFBC}") = "WcfServer", "WcfServer\WcfServer.csproj", "{5EC72175-E739-4B7C-9A3E-1BC6DB9CD07C}"
EndProject
Global
	GlobalSection(SolutionConfigurationPlatforms) = preSolution
		Debug|Any CPU = Debug|Any CPU
		Release|Any CPU = Release|Any CPU
	EndGlobalSection
	GlobalSection(ProjectConfigurationPlatforms) = postSolution
		{70359FC0-C357-4E28-9297-C635AB96EE5A}.Debug|Any CPU.ActiveCfg = Debug|Any CPU
		{70359FC0-C357-4E28-9297-C635AB96EE5A}.Debug|Any CPU.Build.0 = Debug|Any CPU
		{70359FC0-C357-4E28-9297-C635AB96EE5A}.Release|Any CPU.ActiveCfg = Release|Any CPU
		{70359FC0-C357-4E28-9297-C635AB96EE5A}.Release|Any CPU.Build.0 = Release|Any CPU
		{A956940F-4FE8-4FCE-B6B0-44012E888499}.Debug|Any CPU.ActiveCfg = Debug|Any CPU
		{A956940F-4FE8-4FCE-B6B0-44012E888499}.Debug|Any CPU.Build.0 = Debug|Any CPU
		{A956940F-4FE8-4FCE-B6B0-44012E888499}.Release|Any CPU.ActiveCfg = Release|Any CPU
		{A956940F-4FE8-4FCE-B6B0-44012E888499}.Release|Any CPU.Build.0 = Release|Any CPU
		{F29188D8-4169-47B5-86D6-FC6FB1181412}.Debug|Any CPU.ActiveCfg = Debug|Any CPU
		{F29188D8-4169-47B5-86D6-FC6FB1181412}.Debug|Any CPU.Build.0 = Debug|Any CPU
		{F29188D8-4169-47B5-86D6-FC6FB1181412}.Release|Any CPU.ActiveCfg = Release|Any CPU
		{F29188D8-4169-47B5-86D6-FC6FB1181412}.Release|Any CPU.Build.0 = Release|Any CPU
		{DA3C1C11-12B6-4E47-AAB3-5DFA5F005986}.Debug|Any CPU.ActiveCfg = Debug|Any CPU
		{DA3C1C11-12B6-4E47-AAB3-5DFA5F005986}.Debug|Any CPU.Build.0 = Debug|Any CPU
		{DA3C1C11-12B6-4E47-AAB3-5DFA5F005986}.Release|Any CPU.ActiveCfg = Release|Any CPU
		{DA3C1C11-12B6-4E47-AAB3-5DFA5F005986}.Release|Any CPU.Build.0 = Release|Any CPU
		{273B4EED-C8AA-48BD-A8B4-81E998AEDE23}.Debug|Any CPU.ActiveCfg = Debug|Any CPU
		{273B4EED-C8AA-48BD-A8B4-81E998AEDE23}.Debug|Any CPU.Build.0 = Debug|Any CPU
		{273B4EED-C8AA-48BD-A8B4-81E998AEDE23}.Release|Any CPU.ActiveCfg = Release|Any CPU
		{273B4EED-C8AA-48BD-A8B4-81E998AEDE23}.Release|Any CPU.Build.0 = Release|Any CPU
		{5EC72175-E739-4B7C-9A3E-1BC6DB9CD07C}.Debug|Any CPU.ActiveCfg = Debug|Any CPU
		{5EC72175-E739-4B7C-9A3E-1BC6DB9CD07C}.Debug|Any CPU.Build.0 = Debug|Any CPU
		{5EC72175-E739-4B7C-9A3E-1BC6DB9CD07C}.Release|Any CPU.ActiveCfg = Release|Any CPU
		{5EC72175-E739-4B7C-9A3E-1BC6DB9CD07C}.Release|Any CPU.Build.0 = Release|Any CPU
	EndGlobalSection
	GlobalSection(SolutionProperties) = preSolution
		HideSolutionNode = FALSE
	EndGlobalSection
	GlobalSection(NestedProjects) = preSolution
		{F29188D8-4169-47B5-86D6-FC6FB1181412} = {72008222-9A6C-496C-BFD6-69D529FA6378}
		{DA3C1C11-12B6-4E47-AAB3-5DFA5F005986} = {72008222-9A6C-496C-BFD6-69D529FA6378}
		{273B4EED-C8AA-48BD-A8B4-81E998AEDE23} = {5156D671-67A9-4283-926A-1BA75C582AED}
		{5EC72175-E739-4B7C-9A3E-1BC6DB9CD07C} = {5156D671-67A9-4283-926A-1BA75C582AED}
	EndGlobalSection
	GlobalSection(ExtensibilityGlobals) = postSolution
		SolutionGuid = {2721C288-0273-4A29-945C-D54BF63D485C}
	EndGlobalSection
EndGlobal
