
Microsoft Visual Studio Solution File, Format Version 12.00
# Visual Studio Version 16
VisualStudioVersion = 16.0.31019.35
MinimumVisualStudioVersion = 10.0.40219.1
Project("{9A19103F-16F7-4668-BE54-9A1E7A4F7556}") = "ServerAspNetHost", "ServerAspNetHost\ServerAspNetHost.csproj", "{35CAAFFE-9AB3-4C94-876E-735E73317FC8}"
EndProject
Project("{9A19103F-16F7-4668-BE54-9A1E7A4F7556}") = "Contract", "Contract\Contract.csproj", "{4007DCDA-2E30-4F82-9E64-B8B71F7B68FA}"
EndProject
Project("{9A19103F-16F7-4668-BE54-9A1E7A4F7556}") = "Client", "Client\Client.csproj", "{E752E4B8-8AD2-4F23-8161-B79652AC96F5}"
EndProject
Project("{9A19103F-16F7-4668-BE54-9A1E7A4F7556}") = "ServerSelfHost", "ServerSelfHost\ServerSelfHost.csproj", "{F15F958C-E994-44D6-AACB-E67A87DC1EBB}"
EndProject
Project("{9A19103F-16F7-4668-BE54-9A1E7A4F7556}") = "Service", "Service\Service.csproj", "{3F6BDA81-E2A9-4E12-90E7-EB86647808AE}"
EndProject
Project("{2150E333-8FDC-42A3-9474-1A3956D46DE8}") = "Shared", "Shared", "{69EC9DDA-3179-4A57-8E09-3B232DFF951B}"
EndProject
Global
	GlobalSection(SolutionConfigurationPlatforms) = preSolution
		Debug|Any CPU = Debug|Any CPU
		Release|Any CPU = Release|Any CPU
	EndGlobalSection
	GlobalSection(ProjectConfigurationPlatforms) = postSolution
		{35CAAFFE-9AB3-4C94-876E-735E73317FC8}.Debug|Any CPU.ActiveCfg = Debug|Any CPU
		{35CAAFFE-9AB3-4C94-876E-735E73317FC8}.Debug|Any CPU.Build.0 = Debug|Any CPU
		{35CAAFFE-9AB3-4C94-876E-735E73317FC8}.Release|Any CPU.ActiveCfg = Release|Any CPU
		{35CAAFFE-9AB3-4C94-876E-735E73317FC8}.Release|Any CPU.Build.0 = Release|Any CPU
		{4007DCDA-2E30-4F82-9E64-B8B71F7B68FA}.Debug|Any CPU.ActiveCfg = Debug|Any CPU
		{4007DCDA-2E30-4F82-9E64-B8B71F7B68FA}.Debug|Any CPU.Build.0 = Debug|Any CPU
		{4007DCDA-2E30-4F82-9E64-B8B71F7B68FA}.Release|Any CPU.ActiveCfg = Release|Any CPU
		{4007DCDA-2E30-4F82-9E64-B8B71F7B68FA}.Release|Any CPU.Build.0 = Release|Any CPU
		{E752E4B8-8AD2-4F23-8161-B79652AC96F5}.Debug|Any CPU.ActiveCfg = Debug|Any CPU
		{E752E4B8-8AD2-4F23-8161-B79652AC96F5}.Debug|Any CPU.Build.0 = Debug|Any CPU
		{E752E4B8-8AD2-4F23-8161-B79652AC96F5}.Release|Any CPU.ActiveCfg = Release|Any CPU
		{E752E4B8-8AD2-4F23-8161-B79652AC96F5}.Release|Any CPU.Build.0 = Release|Any CPU
		{F15F958C-E994-44D6-AACB-E67A87DC1EBB}.Debug|Any CPU.ActiveCfg = Debug|Any CPU
		{F15F958C-E994-44D6-AACB-E67A87DC1EBB}.Debug|Any CPU.Build.0 = Debug|Any CPU
		{F15F958C-E994-44D6-AACB-E67A87DC1EBB}.Release|Any CPU.ActiveCfg = Release|Any CPU
		{F15F958C-E994-44D6-AACB-E67A87DC1EBB}.Release|Any CPU.Build.0 = Release|Any CPU
		{3F6BDA81-E2A9-4E12-90E7-EB86647808AE}.Debug|Any CPU.ActiveCfg = Debug|Any CPU
		{3F6BDA81-E2A9-4E12-90E7-EB86647808AE}.Debug|Any CPU.Build.0 = Debug|Any CPU
		{3F6BDA81-E2A9-4E12-90E7-EB86647808AE}.Release|Any CPU.ActiveCfg = Release|Any CPU
		{3F6BDA81-E2A9-4E12-90E7-EB86647808AE}.Release|Any CPU.Build.0 = Release|Any CPU
	EndGlobalSection
	GlobalSection(SolutionProperties) = preSolution
		HideSolutionNode = FALSE
	EndGlobalSection
	GlobalSection(NestedProjects) = preSolution
		{4007DCDA-2E30-4F82-9E64-B8B71F7B68FA} = {69EC9DDA-3179-4A57-8E09-3B232DFF951B}
		{3F6BDA81-E2A9-4E12-90E7-EB86647808AE} = {69EC9DDA-3179-4A57-8E09-3B232DFF951B}
	EndGlobalSection
	GlobalSection(ExtensibilityGlobals) = postSolution
		SolutionGuid = {1E78F072-169D-471F-9CA4-866601CAEB73}
	EndGlobalSection
EndGlobal
