
Microsoft Visual Studio Solution File, Format Version 12.00
# Visual Studio Version 16
VisualStudioVersion = 16.0.31205.134
MinimumVisualStudioVersion = 10.0.40219.1
Project("{9A19103F-16F7-4668-BE54-9A1E7A4F7556}") = "SwashbuckleWebApplication", "SwashbuckleWebApplication\SwashbuckleWebApplication.csproj", "{3D31CBF6-001E-4A06-83CD-68CEFF40BFF4}"
EndProject
Project("{FAE04EC0-301F-11D3-BF4B-00C04F79EFBC}") = "Contract", "Contract\Contract.csproj", "{1AB41C10-477E-4F5E-B46E-6F24D15F8737}"
EndProject
Project("{FAE04EC0-301F-11D3-BF4B-00C04F79EFBC}") = "Client", "Client\Client.csproj", "{A833C34D-B57F-47DF-97D8-3F7FECD780EC}"
EndProject
Global
	GlobalSection(SolutionConfigurationPlatforms) = preSolution
		Debug|Any CPU = Debug|Any CPU
		Release|Any CPU = Release|Any CPU
	EndGlobalSection
	GlobalSection(ProjectConfigurationPlatforms) = postSolution
		{3D31CBF6-001E-4A06-83CD-68CEFF40BFF4}.Debug|Any CPU.ActiveCfg = Debug|Any CPU
		{3D31CBF6-001E-4A06-83CD-68CEFF40BFF4}.Debug|Any CPU.Build.0 = Debug|Any CPU
		{3D31CBF6-001E-4A06-83CD-68CEFF40BFF4}.Release|Any CPU.ActiveCfg = Release|Any CPU
		{3D31CBF6-001E-4A06-83CD-68CEFF40BFF4}.Release|Any CPU.Build.0 = Release|Any CPU
		{1AB41C10-477E-4F5E-B46E-6F24D15F8737}.Debug|Any CPU.ActiveCfg = Debug|Any CPU
		{1AB41C10-477E-4F5E-B46E-6F24D15F8737}.Debug|Any CPU.Build.0 = Debug|Any CPU
		{1AB41C10-477E-4F5E-B46E-6F24D15F8737}.Release|Any CPU.ActiveCfg = Release|Any CPU
		{1AB41C10-477E-4F5E-B46E-6F24D15F8737}.Release|Any CPU.Build.0 = Release|Any CPU
		{A833C34D-B57F-47DF-97D8-3F7FECD780EC}.Debug|Any CPU.ActiveCfg = Debug|Any CPU
		{A833C34D-B57F-47DF-97D8-3F7FECD780EC}.Debug|Any CPU.Build.0 = Debug|Any CPU
		{A833C34D-B57F-47DF-97D8-3F7FECD780EC}.Release|Any CPU.ActiveCfg = Release|Any CPU
		{A833C34D-B57F-47DF-97D8-3F7FECD780EC}.Release|Any CPU.Build.0 = Release|Any CPU
	EndGlobalSection
	GlobalSection(SolutionProperties) = preSolution
		HideSolutionNode = FALSE
	EndGlobalSection
	GlobalSection(ExtensibilityGlobals) = postSolution
		SolutionGuid = {5C5F3646-0C4A-40E3-9770-BA731B1E914F}
	EndGlobalSection
EndGlobal
