
Microsoft Visual Studio Solution File, Format Version 12.00
# Visual Studio Version 16
VisualStudioVersion = 16.0.31729.503
MinimumVisualStudioVersion = 10.0.40219.1
Project("{FAE04EC0-301F-11D3-BF4B-00C04F79EFBC}") = "Client", "Client\Client.csproj", "{02B34B70-A13E-42F7-8CD4-3AFB607C0B31}"
EndProject
Project("{FAE04EC0-301F-11D3-BF4B-00C04F79EFBC}") = "Contract", "Contract\Contract.csproj", "{54B566E4-F3DB-453D-9C9D-189141ABCECF}"
EndProject
Project("{FAE04EC0-301F-11D3-BF4B-00C04F79EFBC}") = "WebApplication", "WebApplication\WebApplication.csproj", "{29AF2670-D096-4872-A7C5-54940DD99B2F}"
EndProject
Global
	GlobalSection(SolutionConfigurationPlatforms) = preSolution
		Debug|Any CPU = Debug|Any CPU
		Release|Any CPU = Release|Any CPU
	EndGlobalSection
	GlobalSection(ProjectConfigurationPlatforms) = postSolution
		{02B34B70-A13E-42F7-8CD4-3AFB607C0B31}.Debug|Any CPU.ActiveCfg = Debug|Any CPU
		{02B34B70-A13E-42F7-8CD4-3AFB607C0B31}.Debug|Any CPU.Build.0 = Debug|Any CPU
		{02B34B70-A13E-42F7-8CD4-3AFB607C0B31}.Release|Any CPU.ActiveCfg = Release|Any CPU
		{02B34B70-A13E-42F7-8CD4-3AFB607C0B31}.Release|Any CPU.Build.0 = Release|Any CPU
		{54B566E4-F3DB-453D-9C9D-189141ABCECF}.Debug|Any CPU.ActiveCfg = Debug|Any CPU
		{54B566E4-F3DB-453D-9C9D-189141ABCECF}.Debug|Any CPU.Build.0 = Debug|Any CPU
		{54B566E4-F3DB-453D-9C9D-189141ABCECF}.Release|Any CPU.ActiveCfg = Release|Any CPU
		{54B566E4-F3DB-453D-9C9D-189141ABCECF}.Release|Any CPU.Build.0 = Release|Any CPU
		{29AF2670-D096-4872-A7C5-54940DD99B2F}.Debug|Any CPU.ActiveCfg = Debug|Any CPU
		{29AF2670-D096-4872-A7C5-54940DD99B2F}.Debug|Any CPU.Build.0 = Debug|Any CPU
		{29AF2670-D096-4872-A7C5-54940DD99B2F}.Release|Any CPU.ActiveCfg = Release|Any CPU
		{29AF2670-D096-4872-A7C5-54940DD99B2F}.Release|Any CPU.Build.0 = Release|Any CPU
	EndGlobalSection
	GlobalSection(SolutionProperties) = preSolution
		HideSolutionNode = FALSE
	EndGlobalSection
	GlobalSection(ExtensibilityGlobals) = postSolution
		SolutionGuid = {E170E68B-7D1D-44E2-BB87-F178413EEAD5}
	EndGlobalSection
EndGlobal
