
Microsoft Visual Studio Solution File, Format Version 12.00
# Visual Studio Version 17
VisualStudioVersion = 17.9.34902.65
MinimumVisualStudioVersion = 10.0.40219.1
Project("{9A19103F-16F7-4668-BE54-9A1E7A4F7556}") = "ServiceModel.Grpc.Benchmarks", "ServiceModel.Grpc.Benchmarks\ServiceModel.Grpc.Benchmarks.csproj", "{DE8A134A-B4CC-423A-8DF2-4426F642E3A6}"
EndProject
Project("{9A19103F-16F7-4668-BE54-9A1E7A4F7556}") = "ServiceModel.Grpc", "..\Sources\ServiceModel.Grpc\ServiceModel.Grpc.csproj", "{6F02E0AB-4285-4D78-BF51-26BCC4F38F67}"
EndProject
Project("{9A19103F-16F7-4668-BE54-9A1E7A4F7556}") = "ServiceModel.Grpc.AspNetCore", "..\Sources\ServiceModel.Grpc.AspNetCore\ServiceModel.Grpc.AspNetCore.csproj", "{43CB4140-19E9-4EF4-844E-C273B8347883}"
EndProject
Project("{9A19103F-16F7-4668-BE54-9A1E7A4F7556}") = "ServiceModel.Grpc.ProtoBufMarshaller", "..\Sources\ServiceModel.Grpc.ProtoBufMarshaller\ServiceModel.Grpc.ProtoBufMarshaller.csproj", "{3F3E8589-9DD7-4E34-B234-EE549A241013}"
EndProject
Project("{9A19103F-16F7-4668-BE54-9A1E7A4F7556}") = "ServiceModel.Grpc.MessagePackMarshaller", "..\Sources\ServiceModel.Grpc.MessagePackMarshaller\ServiceModel.Grpc.MessagePackMarshaller.csproj", "{B1F1DA21-8091-4B28-AFF6-1A8950C0CDA6}"
EndProject
Project("{2150E333-8FDC-42A3-9474-1A3956D46DE8}") = "Sources", "Sources", "{A23E8031-76DC-4F7E-A2CA-B115E36BC296}"
EndProject
Project("{9A19103F-16F7-4668-BE54-9A1E7A4F7556}") = "ServiceModel.Grpc.Core", "..\Sources\ServiceModel.Grpc.Core\ServiceModel.Grpc.Core.csproj", "{7CFE3A1B-287D-47DC-A70C-E7B350E75CB2}"
EndProject
Project("{9A19103F-16F7-4668-BE54-9A1E7A4F7556}") = "ServiceModel.Grpc.Descriptions", "..\Sources\ServiceModel.Grpc.Descriptions\ServiceModel.Grpc.Descriptions.csproj", "{74ED1943-B00D-4C66-827B-4FFDE3224C34}"
EndProject
Project("{9A19103F-16F7-4668-BE54-9A1E7A4F7556}") = "ServiceModel.Grpc.Emit", "..\Sources\ServiceModel.Grpc.Emit\ServiceModel.Grpc.Emit.csproj", "{0D4229DB-9435-4478-9BB8-FC9F8775D45E}"
EndProject
Project("{9A19103F-16F7-4668-BE54-9A1E7A4F7556}") = "ServiceModel.Grpc.Filters", "..\Sources\ServiceModel.Grpc.Filters\ServiceModel.Grpc.Filters.csproj", "{787F81B0-B4B3-4942-AA8E-A8AEED54AD49}"
EndProject
Project("{9A19103F-16F7-4668-BE54-9A1E7A4F7556}") = "ServiceModel.Grpc.Interceptors", "..\Sources\ServiceModel.Grpc.Interceptors\ServiceModel.Grpc.Interceptors.csproj", "{6CE37A83-99C9-491B-B73C-7FA663076EFC}"
EndProject
Project("{FAE04EC0-301F-11D3-BF4B-00C04F79EFBC}") = "ServiceModel.Grpc.MemoryPackMarshaller", "..\Sources\ServiceModel.Grpc.MemoryPackMarshaller\ServiceModel.Grpc.MemoryPackMarshaller.csproj", "{76FC5C13-57C3-497F-8885-C069868C7C23}"
EndProject
Project("{FAE04EC0-301F-11D3-BF4B-00C04F79EFBC}") = "ServiceModel.Grpc.DesignTime", "..\Sources\ServiceModel.Grpc.DesignTime\ServiceModel.Grpc.DesignTime.csproj", "{9D3F812B-FF5F-4746-8F1F-2F4B69FC5B0C}"
EndProject
Project("{FAE04EC0-301F-11D3-BF4B-00C04F79EFBC}") = "ServiceModel.Grpc.DesignTime.Generators", "..\Sources\ServiceModel.Grpc.DesignTime.Generators\ServiceModel.Grpc.DesignTime.Generators.csproj", "{FE103330-971C-4262-BEE0-1CE4AA6C8BF3}"
EndProject
Project("{FAE04EC0-301F-11D3-BF4B-00C04F79EFBC}") = "ServiceModel.Grpc.DesignTime.CodeAnalysis.CSharp", "..\Sources\ServiceModel.Grpc.DesignTime.CodeAnalysis.CSharp\ServiceModel.Grpc.DesignTime.CodeAnalysis.CSharp.csproj", "{8E6EE848-27E3-4BB6-B226-1417BB10FE96}"
EndProject
Project("{FAE04EC0-301F-11D3-BF4B-00C04F79EFBC}") = "ServiceModel.Grpc.DesignTime.CodeAnalysis.Internal", "..\Sources\ServiceModel.Grpc.DesignTime.CodeAnalysis.Internal\ServiceModel.Grpc.DesignTime.CodeAnalysis.Internal.csproj", "{50230A07-AF6F-48ED-A18B-256C9D448822}"
EndProject
Project("{FAE04EC0-301F-11D3-BF4B-00C04F79EFBC}") = "ServiceModel.Grpc.DesignTime.CodeAnalysis", "..\Sources\ServiceModel.Grpc.DesignTime.CodeAnalysis\ServiceModel.Grpc.DesignTime.CodeAnalysis.csproj", "{AFDBB72D-C080-4F46-ABA2-9B5120D389A9}"
EndProject
Global
	GlobalSection(SolutionConfigurationPlatforms) = preSolution
		Debug|Any CPU = Debug|Any CPU
		Release|Any CPU = Release|Any CPU
	EndGlobalSection
	GlobalSection(ProjectConfigurationPlatforms) = postSolution
		{DE8A134A-B4CC-423A-8DF2-4426F642E3A6}.Debug|Any CPU.ActiveCfg = Debug|Any CPU
		{DE8A134A-B4CC-423A-8DF2-4426F642E3A6}.Debug|Any CPU.Build.0 = Debug|Any CPU
		{DE8A134A-B4CC-423A-8DF2-4426F642E3A6}.Release|Any CPU.ActiveCfg = Release|Any CPU
		{DE8A134A-B4CC-423A-8DF2-4426F642E3A6}.Release|Any CPU.Build.0 = Release|Any CPU
		{6F02E0AB-4285-4D78-BF51-26BCC4F38F67}.Debug|Any CPU.ActiveCfg = Debug|Any CPU
		{6F02E0AB-4285-4D78-BF51-26BCC4F38F67}.Debug|Any CPU.Build.0 = Debug|Any CPU
		{6F02E0AB-4285-4D78-BF51-26BCC4F38F67}.Release|Any CPU.ActiveCfg = Release|Any CPU
		{6F02E0AB-4285-4D78-BF51-26BCC4F38F67}.Release|Any CPU.Build.0 = Release|Any CPU
		{43CB4140-19E9-4EF4-844E-C273B8347883}.Debug|Any CPU.ActiveCfg = Debug|Any CPU
		{43CB4140-19E9-4EF4-844E-C273B8347883}.Debug|Any CPU.Build.0 = Debug|Any CPU
		{43CB4140-19E9-4EF4-844E-C273B8347883}.Release|Any CPU.ActiveCfg = Release|Any CPU
		{43CB4140-19E9-4EF4-844E-C273B8347883}.Release|Any CPU.Build.0 = Release|Any CPU
		{3F3E8589-9DD7-4E34-B234-EE549A241013}.Debug|Any CPU.ActiveCfg = Debug|Any CPU
		{3F3E8589-9DD7-4E34-B234-EE549A241013}.Debug|Any CPU.Build.0 = Debug|Any CPU
		{3F3E8589-9DD7-4E34-B234-EE549A241013}.Release|Any CPU.ActiveCfg = Release|Any CPU
		{3F3E8589-9DD7-4E34-B234-EE549A241013}.Release|Any CPU.Build.0 = Release|Any CPU
		{B1F1DA21-8091-4B28-AFF6-1A8950C0CDA6}.Debug|Any CPU.ActiveCfg = Debug|Any CPU
		{B1F1DA21-8091-4B28-AFF6-1A8950C0CDA6}.Debug|Any CPU.Build.0 = Debug|Any CPU
		{B1F1DA21-8091-4B28-AFF6-1A8950C0CDA6}.Release|Any CPU.ActiveCfg = Release|Any CPU
		{B1F1DA21-8091-4B28-AFF6-1A8950C0CDA6}.Release|Any CPU.Build.0 = Release|Any CPU
		{7CFE3A1B-287D-47DC-A70C-E7B350E75CB2}.Debug|Any CPU.ActiveCfg = Debug|Any CPU
		{7CFE3A1B-287D-47DC-A70C-E7B350E75CB2}.Debug|Any CPU.Build.0 = Debug|Any CPU
		{7CFE3A1B-287D-47DC-A70C-E7B350E75CB2}.Release|Any CPU.ActiveCfg = Release|Any CPU
		{7CFE3A1B-287D-47DC-A70C-E7B350E75CB2}.Release|Any CPU.Build.0 = Release|Any CPU
		{74ED1943-B00D-4C66-827B-4FFDE3224C34}.Debug|Any CPU.ActiveCfg = Debug|Any CPU
		{74ED1943-B00D-4C66-827B-4FFDE3224C34}.Debug|Any CPU.Build.0 = Debug|Any CPU
		{74ED1943-B00D-4C66-827B-4FFDE3224C34}.Release|Any CPU.ActiveCfg = Release|Any CPU
		{74ED1943-B00D-4C66-827B-4FFDE3224C34}.Release|Any CPU.Build.0 = Release|Any CPU
		{0D4229DB-9435-4478-9BB8-FC9F8775D45E}.Debug|Any CPU.ActiveCfg = Debug|Any CPU
		{0D4229DB-9435-4478-9BB8-FC9F8775D45E}.Debug|Any CPU.Build.0 = Debug|Any CPU
		{0D4229DB-9435-4478-9BB8-FC9F8775D45E}.Release|Any CPU.ActiveCfg = Release|Any CPU
		{0D4229DB-9435-4478-9BB8-FC9F8775D45E}.Release|Any CPU.Build.0 = Release|Any CPU
		{787F81B0-B4B3-4942-AA8E-A8AEED54AD49}.Debug|Any CPU.ActiveCfg = Debug|Any CPU
		{787F81B0-B4B3-4942-AA8E-A8AEED54AD49}.Debug|Any CPU.Build.0 = Debug|Any CPU
		{787F81B0-B4B3-4942-AA8E-A8AEED54AD49}.Release|Any CPU.ActiveCfg = Release|Any CPU
		{787F81B0-B4B3-4942-AA8E-A8AEED54AD49}.Release|Any CPU.Build.0 = Release|Any CPU
		{6CE37A83-99C9-491B-B73C-7FA663076EFC}.Debug|Any CPU.ActiveCfg = Debug|Any CPU
		{6CE37A83-99C9-491B-B73C-7FA663076EFC}.Debug|Any CPU.Build.0 = Debug|Any CPU
		{6CE37A83-99C9-491B-B73C-7FA663076EFC}.Release|Any CPU.ActiveCfg = Release|Any CPU
		{6CE37A83-99C9-491B-B73C-7FA663076EFC}.Release|Any CPU.Build.0 = Release|Any CPU
		{76FC5C13-57C3-497F-8885-C069868C7C23}.Debug|Any CPU.ActiveCfg = Debug|Any CPU
		{76FC5C13-57C3-497F-8885-C069868C7C23}.Debug|Any CPU.Build.0 = Debug|Any CPU
		{76FC5C13-57C3-497F-8885-C069868C7C23}.Release|Any CPU.ActiveCfg = Release|Any CPU
		{76FC5C13-57C3-497F-8885-C069868C7C23}.Release|Any CPU.Build.0 = Release|Any CPU
		{9D3F812B-FF5F-4746-8F1F-2F4B69FC5B0C}.Debug|Any CPU.ActiveCfg = Debug|Any CPU
		{9D3F812B-FF5F-4746-8F1F-2F4B69FC5B0C}.Debug|Any CPU.Build.0 = Debug|Any CPU
		{9D3F812B-FF5F-4746-8F1F-2F4B69FC5B0C}.Release|Any CPU.ActiveCfg = Release|Any CPU
		{9D3F812B-FF5F-4746-8F1F-2F4B69FC5B0C}.Release|Any CPU.Build.0 = Release|Any CPU
		{FE103330-971C-4262-BEE0-1CE4AA6C8BF3}.Debug|Any CPU.ActiveCfg = Debug|Any CPU
		{FE103330-971C-4262-BEE0-1CE4AA6C8BF3}.Debug|Any CPU.Build.0 = Debug|Any CPU
		{FE103330-971C-4262-BEE0-1CE4AA6C8BF3}.Release|Any CPU.ActiveCfg = Release|Any CPU
		{FE103330-971C-4262-BEE0-1CE4AA6C8BF3}.Release|Any CPU.Build.0 = Release|Any CPU
		{8E6EE848-27E3-4BB6-B226-1417BB10FE96}.Debug|Any CPU.ActiveCfg = Debug|Any CPU
		{8E6EE848-27E3-4BB6-B226-1417BB10FE96}.Debug|Any CPU.Build.0 = Debug|Any CPU
		{8E6EE848-27E3-4BB6-B226-1417BB10FE96}.Release|Any CPU.ActiveCfg = Release|Any CPU
		{8E6EE848-27E3-4BB6-B226-1417BB10FE96}.Release|Any CPU.Build.0 = Release|Any CPU
		{50230A07-AF6F-48ED-A18B-256C9D448822}.Debug|Any CPU.ActiveCfg = Debug|Any CPU
		{50230A07-AF6F-48ED-A18B-256C9D448822}.Debug|Any CPU.Build.0 = Debug|Any CPU
		{50230A07-AF6F-48ED-A18B-256C9D448822}.Release|Any CPU.ActiveCfg = Release|Any CPU
		{50230A07-AF6F-48ED-A18B-256C9D448822}.Release|Any CPU.Build.0 = Release|Any CPU
		{AFDBB72D-C080-4F46-ABA2-9B5120D389A9}.Debug|Any CPU.ActiveCfg = Debug|Any CPU
		{AFDBB72D-C080-4F46-ABA2-9B5120D389A9}.Debug|Any CPU.Build.0 = Debug|Any CPU
		{AFDBB72D-C080-4F46-ABA2-9B5120D389A9}.Release|Any CPU.ActiveCfg = Release|Any CPU
		{AFDBB72D-C080-4F46-ABA2-9B5120D389A9}.Release|Any CPU.Build.0 = Release|Any CPU
	EndGlobalSection
	GlobalSection(SolutionProperties) = preSolution
		HideSolutionNode = FALSE
	EndGlobalSection
	GlobalSection(NestedProjects) = preSolution
		{6F02E0AB-4285-4D78-BF51-26BCC4F38F67} = {A23E8031-76DC-4F7E-A2CA-B115E36BC296}
		{43CB4140-19E9-4EF4-844E-C273B8347883} = {A23E8031-76DC-4F7E-A2CA-B115E36BC296}
		{3F3E8589-9DD7-4E34-B234-EE549A241013} = {A23E8031-76DC-4F7E-A2CA-B115E36BC296}
		{B1F1DA21-8091-4B28-AFF6-1A8950C0CDA6} = {A23E8031-76DC-4F7E-A2CA-B115E36BC296}
		{7CFE3A1B-287D-47DC-A70C-E7B350E75CB2} = {A23E8031-76DC-4F7E-A2CA-B115E36BC296}
		{74ED1943-B00D-4C66-827B-4FFDE3224C34} = {A23E8031-76DC-4F7E-A2CA-B115E36BC296}
		{0D4229DB-9435-4478-9BB8-FC9F8775D45E} = {A23E8031-76DC-4F7E-A2CA-B115E36BC296}
		{787F81B0-B4B3-4942-AA8E-A8AEED54AD49} = {A23E8031-76DC-4F7E-A2CA-B115E36BC296}
		{6CE37A83-99C9-491B-B73C-7FA663076EFC} = {A23E8031-76DC-4F7E-A2CA-B115E36BC296}
		{76FC5C13-57C3-497F-8885-C069868C7C23} = {A23E8031-76DC-4F7E-A2CA-B115E36BC296}
		{9D3F812B-FF5F-4746-8F1F-2F4B69FC5B0C} = {A23E8031-76DC-4F7E-A2CA-B115E36BC296}
		{FE103330-971C-4262-BEE0-1CE4AA6C8BF3} = {A23E8031-76DC-4F7E-A2CA-B115E36BC296}
		{8E6EE848-27E3-4BB6-B226-1417BB10FE96} = {A23E8031-76DC-4F7E-A2CA-B115E36BC296}
		{50230A07-AF6F-48ED-A18B-256C9D448822} = {A23E8031-76DC-4F7E-A2CA-B115E36BC296}
		{AFDBB72D-C080-4F46-ABA2-9B5120D389A9} = {A23E8031-76DC-4F7E-A2CA-B115E36BC296}
	EndGlobalSection
	GlobalSection(ExtensibilityGlobals) = postSolution
		SolutionGuid = {F8A2DD7E-58D3-40EE-8EFC-310E69149C27}
	EndGlobalSection
EndGlobal
