
Microsoft Visual Studio Solution File, Format Version 12.00
# Visual Studio Version 17
VisualStudioVersion = 17.12.35707.178 d17.12
MinimumVisualStudioVersion = 10.0.40219.1
Project("{9A19103F-16F7-4668-BE54-9A1E7A4F7556}") = "Contract", "Contract\Contract.csproj", "{CAC0507B-B571-4799-99D8-81A97BB07D07}"
EndProject
Project("{9A19103F-16F7-4668-BE54-9A1E7A4F7556}") = "Service", "Service\Service.csproj", "{B5C47AAF-BD32-4346-84CE-0C06C3A0F8A5}"
EndProject
Project("{9A19103F-16F7-4668-BE54-9A1E7A4F7556}") = "Client", "Client\Client.csproj", "{3DFB40B2-EBF1-42DF-B35F-4E7943B29495}"
EndProject
Project("{9A19103F-16F7-4668-BE54-9A1E7A4F7556}") = "Demo.AspNet.DesignTime", "Demo.AspNet.DesignTime\Demo.AspNet.DesignTime.csproj", "{9AE83A65-EAE7-4ABB-A4E3-A2917822950E}"
EndProject
Project("{9A19103F-16F7-4668-BE54-9A1E7A4F7556}") = "Demo.AspNet.ReflectionEmit", "Demo.AspNet.ReflectionEmit\Demo.AspNet.ReflectionEmit.csproj", "{FFEAB82C-7D81-4E8A-A21F-E494C9D32A97}"
EndProject
Project("{2150E333-8FDC-42A3-9474-1A3956D46DE8}") = "Shared", "Shared", "{6E2AD0CB-37EA-4095-B0BD-816709F35CD7}"
EndProject
Global
	GlobalSection(SolutionConfigurationPlatforms) = preSolution
		Debug|Any CPU = Debug|Any CPU
		Release|Any CPU = Release|Any CPU
	EndGlobalSection
	GlobalSection(ProjectConfigurationPlatforms) = postSolution
		{CAC0507B-B571-4799-99D8-81A97BB07D07}.Debug|Any CPU.ActiveCfg = Debug|Any CPU
		{CAC0507B-B571-4799-99D8-81A97BB07D07}.Debug|Any CPU.Build.0 = Debug|Any CPU
		{CAC0507B-B571-4799-99D8-81A97BB07D07}.Release|Any CPU.ActiveCfg = Release|Any CPU
		{CAC0507B-B571-4799-99D8-81A97BB07D07}.Release|Any CPU.Build.0 = Release|Any CPU
		{B5C47AAF-BD32-4346-84CE-0C06C3A0F8A5}.Debug|Any CPU.ActiveCfg = Debug|Any CPU
		{B5C47AAF-BD32-4346-84CE-0C06C3A0F8A5}.Debug|Any CPU.Build.0 = Debug|Any CPU
		{B5C47AAF-BD32-4346-84CE-0C06C3A0F8A5}.Release|Any CPU.ActiveCfg = Release|Any CPU
		{B5C47AAF-BD32-4346-84CE-0C06C3A0F8A5}.Release|Any CPU.Build.0 = Release|Any CPU
		{3DFB40B2-EBF1-42DF-B35F-4E7943B29495}.Debug|Any CPU.ActiveCfg = Debug|Any CPU
		{3DFB40B2-EBF1-42DF-B35F-4E7943B29495}.Debug|Any CPU.Build.0 = Debug|Any CPU
		{3DFB40B2-EBF1-42DF-B35F-4E7943B29495}.Release|Any CPU.ActiveCfg = Release|Any CPU
		{3DFB40B2-EBF1-42DF-B35F-4E7943B29495}.Release|Any CPU.Build.0 = Release|Any CPU
		{9AE83A65-EAE7-4ABB-A4E3-A2917822950E}.Debug|Any CPU.ActiveCfg = Debug|Any CPU
		{9AE83A65-EAE7-4ABB-A4E3-A2917822950E}.Debug|Any CPU.Build.0 = Debug|Any CPU
		{9AE83A65-EAE7-4ABB-A4E3-A2917822950E}.Release|Any CPU.ActiveCfg = Release|Any CPU
		{9AE83A65-EAE7-4ABB-A4E3-A2917822950E}.Release|Any CPU.Build.0 = Release|Any CPU
		{FFEAB82C-7D81-4E8A-A21F-E494C9D32A97}.Debug|Any CPU.ActiveCfg = Debug|Any CPU
		{FFEAB82C-7D81-4E8A-A21F-E494C9D32A97}.Debug|Any CPU.Build.0 = Debug|Any CPU
		{FFEAB82C-7D81-4E8A-A21F-E494C9D32A97}.Release|Any CPU.ActiveCfg = Release|Any CPU
		{FFEAB82C-7D81-4E8A-A21F-E494C9D32A97}.Release|Any CPU.Build.0 = Release|Any CPU
	EndGlobalSection
	GlobalSection(SolutionProperties) = preSolution
		HideSolutionNode = FALSE
	EndGlobalSection
	GlobalSection(NestedProjects) = preSolution
		{CAC0507B-B571-4799-99D8-81A97BB07D07} = {6E2AD0CB-37EA-4095-B0BD-816709F35CD7}
		{B5C47AAF-BD32-4346-84CE-0C06C3A0F8A5} = {6E2AD0CB-37EA-4095-B0BD-816709F35CD7}
		{3DFB40B2-EBF1-42DF-B35F-4E7943B29495} = {6E2AD0CB-37EA-4095-B0BD-816709F35CD7}
	EndGlobalSection
	GlobalSection(ExtensibilityGlobals) = postSolution
		SolutionGuid = {A6743E43-6F0E-4AC5-BD75-45BE1867CD03}
	EndGlobalSection
EndGlobal
