
Microsoft Visual Studio Solution File, Format Version 12.00
# Visual Studio Version 16
VisualStudioVersion = 16.0.31205.134
MinimumVisualStudioVersion = 10.0.40219.1
Project("{FAE04EC0-301F-11D3-BF4B-00C04F79EFBC}") = "WebApplication", "WebApplication\WebApplication.csproj", "{ED78AB64-2084-4855-9F94-ABA1AB19DFCC}"
EndProject
Global
	GlobalSection(SolutionConfigurationPlatforms) = preSolution
		Debug|Any CPU = Debug|Any CPU
		Release|Any CPU = Release|Any CPU
	EndGlobalSection
	GlobalSection(ProjectConfigurationPlatforms) = postSolution
		{ED78AB64-2084-4855-9F94-ABA1AB19DFCC}.Debug|Any CPU.ActiveCfg = Debug|Any CPU
		{ED78AB64-2084-4855-9F94-ABA1AB19DFCC}.Debug|Any CPU.Build.0 = Debug|Any CPU
		{ED78AB64-2084-4855-9F94-ABA1AB19DFCC}.Release|Any CPU.ActiveCfg = Release|Any CPU
		{ED78AB64-2084-4855-9F94-ABA1AB19DFCC}.Release|Any CPU.Build.0 = Release|Any CPU
	EndGlobalSection
	GlobalSection(SolutionProperties) = preSolution
		HideSolutionNode = FALSE
	EndGlobalSection
	GlobalSection(ExtensibilityGlobals) = postSolution
		SolutionGuid = {2B623A08-6DDF-4F16-B61B-2107708F8E26}
	EndGlobalSection
EndGlobal
