
Microsoft Visual Studio Solution File, Format Version 12.00
# Visual Studio Version 17
VisualStudioVersion = 17.12.35707.178 d17.12
MinimumVisualStudioVersion = 10.0.40219.1
Project("{9A19103F-16F7-4668-BE54-9A1E7A4F7556}") = "Contract", "Contract\Contract.csproj", "{70359FC0-C357-4E28-9297-C635AB96EE5A}"
EndProject
Project("{9A19103F-16F7-4668-BE54-9A1E7A4F7556}") = "Service", "Service\Service.csproj", "{A956940F-4FE8-4FCE-B6B0-44012E888499}"
EndProject
Project("{2150E333-8FDC-42A3-9474-1A3956D46DE8}") = "Wcf", "Wcf", "{5156D671-67A9-4283-926A-1BA75C582AED}"
EndProject
Project("{2150E333-8FDC-42A3-9474-1A3956D46DE8}") = "Grpc", "Grpc", "{72008222-9A6C-496C-BFD6-69D529FA6378}"
EndProject
Project("{FAE04EC0-301F-11D3-BF4B-00C04F79EFBC}") = "GrpcClient", "GrpcClient\GrpcClient.csproj", "{EA7438FA-416C-424D-A0CD-FB9AB2F33C31}"
EndProject
Project("{FAE04EC0-301F-11D3-BF4B-00C04F79EFBC}") = "GrpcServer", "GrpcServer\GrpcServer.csproj", "{214CF2DE-6D9B-409A-9D67-0920D7496A16}"
EndProject
Project("{FAE04EC0-301F-11D3-BF4B-00C04F79EFBC}") = "WcfClient", "WcfClient\WcfClient.csproj", "{1EC80C73-1D3F-4FDC-ABAA-AE831C436CCB}"
EndProject
Project("{FAE04EC0-301F-11D3-BF4B-00C04F79EFBC}") = "WcfServer", "WcfServer\WcfServer.csproj", "{7CEC0F0C-690A-4555-940E-127EE7AD548F}"
EndProject
Global
	GlobalSection(SolutionConfigurationPlatforms) = preSolution
		Debug|Any CPU = Debug|Any CPU
		Release|Any CPU = Release|Any CPU
	EndGlobalSection
	GlobalSection(ProjectConfigurationPlatforms) = postSolution
		{70359FC0-C357-4E28-9297-C635AB96EE5A}.Debug|Any CPU.ActiveCfg = Debug|Any CPU
		{70359FC0-C357-4E28-9297-C635AB96EE5A}.Debug|Any CPU.Build.0 = Debug|Any CPU
		{70359FC0-C357-4E28-9297-C635AB96EE5A}.Release|Any CPU.ActiveCfg = Release|Any CPU
		{70359FC0-C357-4E28-9297-C635AB96EE5A}.Release|Any CPU.Build.0 = Release|Any CPU
		{A956940F-4FE8-4FCE-B6B0-44012E888499}.Debug|Any CPU.ActiveCfg = Debug|Any CPU
		{A956940F-4FE8-4FCE-B6B0-44012E888499}.Debug|Any CPU.Build.0 = Debug|Any CPU
		{A956940F-4FE8-4FCE-B6B0-44012E888499}.Release|Any CPU.ActiveCfg = Release|Any CPU
		{A956940F-4FE8-4FCE-B6B0-44012E888499}.Release|Any CPU.Build.0 = Release|Any CPU
		{EA7438FA-416C-424D-A0CD-FB9AB2F33C31}.Debug|Any CPU.ActiveCfg = Debug|Any CPU
		{EA7438FA-416C-424D-A0CD-FB9AB2F33C31}.Debug|Any CPU.Build.0 = Debug|Any CPU
		{EA7438FA-416C-424D-A0CD-FB9AB2F33C31}.Release|Any CPU.ActiveCfg = Release|Any CPU
		{EA7438FA-416C-424D-A0CD-FB9AB2F33C31}.Release|Any CPU.Build.0 = Release|Any CPU
		{214CF2DE-6D9B-409A-9D67-0920D7496A16}.Debug|Any CPU.ActiveCfg = Debug|Any CPU
		{214CF2DE-6D9B-409A-9D67-0920D7496A16}.Debug|Any CPU.Build.0 = Debug|Any CPU
		{214CF2DE-6D9B-409A-9D67-0920D7496A16}.Release|Any CPU.ActiveCfg = Release|Any CPU
		{214CF2DE-6D9B-409A-9D67-0920D7496A16}.Release|Any CPU.Build.0 = Release|Any CPU
		{1EC80C73-1D3F-4FDC-ABAA-AE831C436CCB}.Debug|Any CPU.ActiveCfg = Debug|Any CPU
		{1EC80C73-1D3F-4FDC-ABAA-AE831C436CCB}.Debug|Any CPU.Build.0 = Debug|Any CPU
		{1EC80C73-1D3F-4FDC-ABAA-AE831C436CCB}.Release|Any CPU.ActiveCfg = Release|Any CPU
		{1EC80C73-1D3F-4FDC-ABAA-AE831C436CCB}.Release|Any CPU.Build.0 = Release|Any CPU
		{7CEC0F0C-690A-4555-940E-127EE7AD548F}.Debug|Any CPU.ActiveCfg = Debug|Any CPU
		{7CEC0F0C-690A-4555-940E-127EE7AD548F}.Debug|Any CPU.Build.0 = Debug|Any CPU
		{7CEC0F0C-690A-4555-940E-127EE7AD548F}.Release|Any CPU.ActiveCfg = Release|Any CPU
		{7CEC0F0C-690A-4555-940E-127EE7AD548F}.Release|Any CPU.Build.0 = Release|Any CPU
	EndGlobalSection
	GlobalSection(SolutionProperties) = preSolution
		HideSolutionNode = FALSE
	EndGlobalSection
	GlobalSection(NestedProjects) = preSolution
		{EA7438FA-416C-424D-A0CD-FB9AB2F33C31} = {72008222-9A6C-496C-BFD6-69D529FA6378}
		{214CF2DE-6D9B-409A-9D67-0920D7496A16} = {72008222-9A6C-496C-BFD6-69D529FA6378}
		{1EC80C73-1D3F-4FDC-ABAA-AE831C436CCB} = {5156D671-67A9-4283-926A-1BA75C582AED}
		{7CEC0F0C-690A-4555-940E-127EE7AD548F} = {5156D671-67A9-4283-926A-1BA75C582AED}
	EndGlobalSection
	GlobalSection(ExtensibilityGlobals) = postSolution
		SolutionGuid = {2721C288-0273-4A29-945C-D54BF63D485C}
	EndGlobalSection
EndGlobal
